// !$*UTF8*$!
{
	archiveVersion = 1;
	classes = {
	};
	objectVersion = 50;
	objects = {

/* Begin PBXBuildFile section */
		4205FED220BC7083000D5C4D /* UIViewExtensions.swift in Sources */ = {isa = PBXBuildFile; fileRef = 4205FED120BC7083000D5C4D /* UIViewExtensions.swift */; };
		4205FED420BC70B6000D5C4D /* DependencyContainer.swift in Sources */ = {isa = PBXBuildFile; fileRef = 4205FED320BC70B6000D5C4D /* DependencyContainer.swift */; };
		4205FED620BC70C4000D5C4D /* ViewControllerFactory.swift in Sources */ = {isa = PBXBuildFile; fileRef = 4205FED520BC70C4000D5C4D /* ViewControllerFactory.swift */; };
		4205FED820BC70E4000D5C4D /* Navigator.swift in Sources */ = {isa = PBXBuildFile; fileRef = 4205FED720BC70E4000D5C4D /* Navigator.swift */; };
		4205FEDA20BC70F6000D5C4D /* AppNavigator.swift in Sources */ = {isa = PBXBuildFile; fileRef = 4205FED920BC70F6000D5C4D /* AppNavigator.swift */; };
		4205FEDC20BC7108000D5C4D /* MainNavigator.swift in Sources */ = {isa = PBXBuildFile; fileRef = 4205FEDB20BC7108000D5C4D /* MainNavigator.swift */; };
		4205FEDE20BC7120000D5C4D /* SymbolView.swift in Sources */ = {isa = PBXBuildFile; fileRef = 4205FEDD20BC7120000D5C4D /* SymbolView.swift */; };
		4205FEE020BC71A5000D5C4D /* Repository.swift in Sources */ = {isa = PBXBuildFile; fileRef = 4205FEDF20BC71A5000D5C4D /* Repository.swift */; };
		4205FEE220BC73D1000D5C4D /* SymbolTableCell.swift in Sources */ = {isa = PBXBuildFile; fileRef = 4205FEE120BC73D1000D5C4D /* SymbolTableCell.swift */; };
		4205FEE420BC7734000D5C4D /* Symbol.swift in Sources */ = {isa = PBXBuildFile; fileRef = 4205FEE320BC7734000D5C4D /* Symbol.swift */; };
		4205FEE620BC8C13000D5C4D /* SymbolInteractor.swift in Sources */ = {isa = PBXBuildFile; fileRef = 4205FEE520BC8C13000D5C4D /* SymbolInteractor.swift */; };
		4205FF0C20BD9DA8000D5C4D /* QuoteViewController.swift in Sources */ = {isa = PBXBuildFile; fileRef = 4205FF0B20BD9DA8000D5C4D /* QuoteViewController.swift */; };
		4205FF0E20BD9DB3000D5C4D /* QuoteView.swift in Sources */ = {isa = PBXBuildFile; fileRef = 4205FF0D20BD9DB3000D5C4D /* QuoteView.swift */; };
		4205FF1020BD9DC7000D5C4D /* QuoteInteractor.swift in Sources */ = {isa = PBXBuildFile; fileRef = 4205FF0F20BD9DC7000D5C4D /* QuoteInteractor.swift */; };
		4205FF1220BD9DD9000D5C4D /* Quote.swift in Sources */ = {isa = PBXBuildFile; fileRef = 4205FF1120BD9DD9000D5C4D /* Quote.swift */; };
		4205FF1520BDA89F000D5C4D /* QuoteHistory.xcdatamodeld in Sources */ = {isa = PBXBuildFile; fileRef = 4205FF1320BDA89F000D5C4D /* QuoteHistory.xcdatamodeld */; };
		4205FF5420BDC05D000D5C4D /* StyleKit.swift in Sources */ = {isa = PBXBuildFile; fileRef = 4205FF5320BDC05D000D5C4D /* StyleKit.swift */; };
		42C29B2D20BC6EDF006ADCF8 /* AppDelegate.swift in Sources */ = {isa = PBXBuildFile; fileRef = 42C29B2C20BC6EDF006ADCF8 /* AppDelegate.swift */; };
		42C29B2F20BC6EDF006ADCF8 /* SymbolViewController.swift in Sources */ = {isa = PBXBuildFile; fileRef = 42C29B2E20BC6EDF006ADCF8 /* SymbolViewController.swift */; };
		42C29B3220BC6EDF006ADCF8 /* Main.storyboard in Resources */ = {isa = PBXBuildFile; fileRef = 42C29B3020BC6EDF006ADCF8 /* Main.storyboard */; };
		42C29B3420BC6EDF006ADCF8 /* Assets.xcassets in Resources */ = {isa = PBXBuildFile; fileRef = 42C29B3320BC6EDF006ADCF8 /* Assets.xcassets */; };
		42C29B3720BC6EDF006ADCF8 /* LaunchScreen.storyboard in Resources */ = {isa = PBXBuildFile; fileRef = 42C29B3520BC6EDF006ADCF8 /* LaunchScreen.storyboard */; };
		42C29B4220BC6EDF006ADCF8 /* RxCurrencyTests.swift in Sources */ = {isa = PBXBuildFile; fileRef = 42C29B4120BC6EDF006ADCF8 /* RxCurrencyTests.swift */; };
		42C29B4D20BC6EDF006ADCF8 /* RxCurrencyUITests.swift in Sources */ = {isa = PBXBuildFile; fileRef = 42C29B4C20BC6EDF006ADCF8 /* RxCurrencyUITests.swift */; };
		651D24E97DAF6BC49BF3D1E5 /* Pods_RxCurrencyUITests.framework in Frameworks */ = {isa = PBXBuildFile; fileRef = E49833301E92484684E0EBC5 /* Pods_RxCurrencyUITests.framework */; };
		761723AB6C4CF83CC5BF4003 /* Pods_RxCurrencyTests.framework in Frameworks */ = {isa = PBXBuildFile; fileRef = 8712EA7952BBF4BBA33C80B6 /* Pods_RxCurrencyTests.framework */; };
		BF9F78D48348250944D3A87A /* Pods_RxCurrency.framework in Frameworks */ = {isa = PBXBuildFile; fileRef = 24A2E14E6F967FB578CD4BAC /* Pods_RxCurrency.framework */; };
/* End PBXBuildFile section */

/* Begin PBXContainerItemProxy section */
		42C29B3E20BC6EDF006ADCF8 /* PBXContainerItemProxy */ = {
			isa = PBXContainerItemProxy;
			containerPortal = 42C29B2120BC6EDF006ADCF8 /* Project object */;
			proxyType = 1;
			remoteGlobalIDString = 42C29B2820BC6EDF006ADCF8;
			remoteInfo = RxCurrency;
		};
		42C29B4920BC6EDF006ADCF8 /* PBXContainerItemProxy */ = {
			isa = PBXContainerItemProxy;
			containerPortal = 42C29B2120BC6EDF006ADCF8 /* Project object */;
			proxyType = 1;
			remoteGlobalIDString = 42C29B2820BC6EDF006ADCF8;
			remoteInfo = RxCurrency;
		};
/* End PBXContainerItemProxy section */

/* Begin PBXFileReference section */
		24A2E14E6F967FB578CD4BAC /* Pods_RxCurrency.framework */ = {isa = PBXFileReference; explicitFileType = wrapper.framework; includeInIndex = 0; path = Pods_RxCurrency.framework; sourceTree = BUILT_PRODUCTS_DIR; };
		4205FED120BC7083000D5C4D /* UIViewExtensions.swift */ = {isa = PBXFileReference; lastKnownFileType = sourcecode.swift; path = UIViewExtensions.swift; sourceTree = "<group>"; };
		4205FED320BC70B6000D5C4D /* DependencyContainer.swift */ = {isa = PBXFileReference; lastKnownFileType = sourcecode.swift; path = DependencyContainer.swift; sourceTree = "<group>"; };
		4205FED520BC70C4000D5C4D /* ViewControllerFactory.swift */ = {isa = PBXFileReference; lastKnownFileType = sourcecode.swift; path = ViewControllerFactory.swift; sourceTree = "<group>"; };
		4205FED720BC70E4000D5C4D /* Navigator.swift */ = {isa = PBXFileReference; lastKnownFileType = sourcecode.swift; path = Navigator.swift; sourceTree = "<group>"; };
		4205FED920BC70F6000D5C4D /* AppNavigator.swift */ = {isa = PBXFileReference; lastKnownFileType = sourcecode.swift; path = AppNavigator.swift; sourceTree = "<group>"; };
		4205FEDB20BC7108000D5C4D /* MainNavigator.swift */ = {isa = PBXFileReference; lastKnownFileType = sourcecode.swift; path = MainNavigator.swift; sourceTree = "<group>"; };
		4205FEDD20BC7120000D5C4D /* SymbolView.swift */ = {isa = PBXFileReference; lastKnownFileType = sourcecode.swift; path = SymbolView.swift; sourceTree = "<group>"; };
		4205FEDF20BC71A5000D5C4D /* Repository.swift */ = {isa = PBXFileReference; lastKnownFileType = sourcecode.swift; path = Repository.swift; sourceTree = "<group>"; };
		4205FEE120BC73D1000D5C4D /* SymbolTableCell.swift */ = {isa = PBXFileReference; lastKnownFileType = sourcecode.swift; path = SymbolTableCell.swift; sourceTree = "<group>"; };
		4205FEE320BC7734000D5C4D /* Symbol.swift */ = {isa = PBXFileReference; lastKnownFileType = sourcecode.swift; path = Symbol.swift; sourceTree = "<group>"; };
		4205FEE520BC8C13000D5C4D /* SymbolInteractor.swift */ = {isa = PBXFileReference; lastKnownFileType = sourcecode.swift; path = SymbolInteractor.swift; sourceTree = "<group>"; };
		4205FF0B20BD9DA8000D5C4D /* QuoteViewController.swift */ = {isa = PBXFileReference; lastKnownFileType = sourcecode.swift; path = QuoteViewController.swift; sourceTree = "<group>"; };
		4205FF0D20BD9DB3000D5C4D /* QuoteView.swift */ = {isa = PBXFileReference; lastKnownFileType = sourcecode.swift; path = QuoteView.swift; sourceTree = "<group>"; };
		4205FF0F20BD9DC7000D5C4D /* QuoteInteractor.swift */ = {isa = PBXFileReference; lastKnownFileType = sourcecode.swift; path = QuoteInteractor.swift; sourceTree = "<group>"; };
		4205FF1120BD9DD9000D5C4D /* Quote.swift */ = {isa = PBXFileReference; lastKnownFileType = sourcecode.swift; path = Quote.swift; sourceTree = "<group>"; };
		4205FF1420BDA89F000D5C4D /* Model.xcdatamodel */ = {isa = PBXFileReference; lastKnownFileType = wrapper.xcdatamodel; path = Model.xcdatamodel; sourceTree = "<group>"; };
		4205FF5320BDC05D000D5C4D /* StyleKit.swift */ = {isa = PBXFileReference; lastKnownFileType = sourcecode.swift; path = StyleKit.swift; sourceTree = "<group>"; };
		42C29B2920BC6EDF006ADCF8 /* RxCurrency.app */ = {isa = PBXFileReference; explicitFileType = wrapper.application; includeInIndex = 0; path = RxCurrency.app; sourceTree = BUILT_PRODUCTS_DIR; };
		42C29B2C20BC6EDF006ADCF8 /* AppDelegate.swift */ = {isa = PBXFileReference; lastKnownFileType = sourcecode.swift; path = AppDelegate.swift; sourceTree = "<group>"; };
		42C29B2E20BC6EDF006ADCF8 /* SymbolViewController.swift */ = {isa = PBXFileReference; lastKnownFileType = sourcecode.swift; path = SymbolViewController.swift; sourceTree = "<group>"; };
		42C29B3120BC6EDF006ADCF8 /* Base */ = {isa = PBXFileReference; lastKnownFileType = file.storyboard; name = Base; path = Base.lproj/Main.storyboard; sourceTree = "<group>"; };
		42C29B3320BC6EDF006ADCF8 /* Assets.xcassets */ = {isa = PBXFileReference; lastKnownFileType = folder.assetcatalog; path = Assets.xcassets; sourceTree = "<group>"; };
		42C29B3620BC6EDF006ADCF8 /* Base */ = {isa = PBXFileReference; lastKnownFileType = file.storyboard; name = Base; path = Base.lproj/LaunchScreen.storyboard; sourceTree = "<group>"; };
		42C29B3820BC6EDF006ADCF8 /* Info.plist */ = {isa = PBXFileReference; lastKnownFileType = text.plist.xml; path = Info.plist; sourceTree = "<group>"; };
		42C29B3D20BC6EDF006ADCF8 /* RxCurrencyTests.xctest */ = {isa = PBXFileReference; explicitFileType = wrapper.cfbundle; includeInIndex = 0; path = RxCurrencyTests.xctest; sourceTree = BUILT_PRODUCTS_DIR; };
		42C29B4120BC6EDF006ADCF8 /* RxCurrencyTests.swift */ = {isa = PBXFileReference; lastKnownFileType = sourcecode.swift; path = RxCurrencyTests.swift; sourceTree = "<group>"; };
		42C29B4320BC6EDF006ADCF8 /* Info.plist */ = {isa = PBXFileReference; lastKnownFileType = text.plist.xml; path = Info.plist; sourceTree = "<group>"; };
		42C29B4820BC6EDF006ADCF8 /* RxCurrencyUITests.xctest */ = {isa = PBXFileReference; explicitFileType = wrapper.cfbundle; includeInIndex = 0; path = RxCurrencyUITests.xctest; sourceTree = BUILT_PRODUCTS_DIR; };
		42C29B4C20BC6EDF006ADCF8 /* RxCurrencyUITests.swift */ = {isa = PBXFileReference; lastKnownFileType = sourcecode.swift; path = RxCurrencyUITests.swift; sourceTree = "<group>"; };
		42C29B4E20BC6EDF006ADCF8 /* Info.plist */ = {isa = PBXFileReference; lastKnownFileType = text.plist.xml; path = Info.plist; sourceTree = "<group>"; };
		5FDFF50E81CAFC2ECEE4D4A5 /* Pods-RxCurrencyUITests.release.xcconfig */ = {isa = PBXFileReference; includeInIndex = 1; lastKnownFileType = text.xcconfig; name = "Pods-RxCurrencyUITests.release.xcconfig"; path = "Pods/Target Support Files/Pods-RxCurrencyUITests/Pods-RxCurrencyUITests.release.xcconfig"; sourceTree = "<group>"; };
		718300EF475634EA6B2966E6 /* Pods-RxCurrency.debug.xcconfig */ = {isa = PBXFileReference; includeInIndex = 1; lastKnownFileType = text.xcconfig; name = "Pods-RxCurrency.debug.xcconfig"; path = "Pods/Target Support Files/Pods-RxCurrency/Pods-RxCurrency.debug.xcconfig"; sourceTree = "<group>"; };
		8712EA7952BBF4BBA33C80B6 /* Pods_RxCurrencyTests.framework */ = {isa = PBXFileReference; explicitFileType = wrapper.framework; includeInIndex = 0; path = Pods_RxCurrencyTests.framework; sourceTree = BUILT_PRODUCTS_DIR; };
		ADB6671694290C24192E20F9 /* Pods-RxCurrencyTests.release.xcconfig */ = {isa = PBXFileReference; includeInIndex = 1; lastKnownFileType = text.xcconfig; name = "Pods-RxCurrencyTests.release.xcconfig"; path = "Pods/Target Support Files/Pods-RxCurrencyTests/Pods-RxCurrencyTests.release.xcconfig"; sourceTree = "<group>"; };
		D3D6843F50C39994D97F4854 /* Pods-RxCurrencyUITests.debug.xcconfig */ = {isa = PBXFileReference; includeInIndex = 1; lastKnownFileType = text.xcconfig; name = "Pods-RxCurrencyUITests.debug.xcconfig"; path = "Pods/Target Support Files/Pods-RxCurrencyUITests/Pods-RxCurrencyUITests.debug.xcconfig"; sourceTree = "<group>"; };
		D7B1439F01EF70864A3C472F /* Pods-RxCurrency.release.xcconfig */ = {isa = PBXFileReference; includeInIndex = 1; lastKnownFileType = text.xcconfig; name = "Pods-RxCurrency.release.xcconfig"; path = "Pods/Target Support Files/Pods-RxCurrency/Pods-RxCurrency.release.xcconfig"; sourceTree = "<group>"; };
		DF3AC7C1F80461663ABD0D69 /* Pods-RxCurrencyTests.debug.xcconfig */ = {isa = PBXFileReference; includeInIndex = 1; lastKnownFileType = text.xcconfig; name = "Pods-RxCurrencyTests.debug.xcconfig"; path = "Pods/Target Support Files/Pods-RxCurrencyTests/Pods-RxCurrencyTests.debug.xcconfig"; sourceTree = "<group>"; };
		E49833301E92484684E0EBC5 /* Pods_RxCurrencyUITests.framework */ = {isa = PBXFileReference; explicitFileType = wrapper.framework; includeInIndex = 0; path = Pods_RxCurrencyUITests.framework; sourceTree = BUILT_PRODUCTS_DIR; };
/* End PBXFileReference section */

/* Begin PBXFrameworksBuildPhase section */
		42C29B2620BC6EDF006ADCF8 /* Frameworks */ = {
			isa = PBXFrameworksBuildPhase;
			buildActionMask = 2147483647;
			files = (
				BF9F78D48348250944D3A87A /* Pods_RxCurrency.framework in Frameworks */,
			);
			runOnlyForDeploymentPostprocessing = 0;
		};
		42C29B3A20BC6EDF006ADCF8 /* Frameworks */ = {
			isa = PBXFrameworksBuildPhase;
			buildActionMask = 2147483647;
			files = (
				761723AB6C4CF83CC5BF4003 /* Pods_RxCurrencyTests.framework in Frameworks */,
			);
			runOnlyForDeploymentPostprocessing = 0;
		};
		42C29B4520BC6EDF006ADCF8 /* Frameworks */ = {
			isa = PBXFrameworksBuildPhase;
			buildActionMask = 2147483647;
			files = (
				651D24E97DAF6BC49BF3D1E5 /* Pods_RxCurrencyUITests.framework in Frameworks */,
			);
			runOnlyForDeploymentPostprocessing = 0;
		};
/* End PBXFrameworksBuildPhase section */

/* Begin PBXGroup section */
		0D167249B32ABF9B7F1F95CB /* Frameworks */ = {
			isa = PBXGroup;
			children = (
				24A2E14E6F967FB578CD4BAC /* Pods_RxCurrency.framework */,
				8712EA7952BBF4BBA33C80B6 /* Pods_RxCurrencyTests.framework */,
				E49833301E92484684E0EBC5 /* Pods_RxCurrencyUITests.framework */,
			);
			name = Frameworks;
			sourceTree = "<group>";
		};
		4205FECB20BC7041000D5C4D /* Factories */ = {
			isa = PBXGroup;
			children = (
				4205FED320BC70B6000D5C4D /* DependencyContainer.swift */,
				4205FED520BC70C4000D5C4D /* ViewControllerFactory.swift */,
			);
			path = Factories;
			sourceTree = "<group>";
		};
		4205FECC20BC7049000D5C4D /* Models */ = {
			isa = PBXGroup;
			children = (
				4205FEE320BC7734000D5C4D /* Symbol.swift */,
				4205FF1120BD9DD9000D5C4D /* Quote.swift */,
			);
			path = Models;
			sourceTree = "<group>";
		};
		4205FECD20BC7050000D5C4D /* Navigation */ = {
			isa = PBXGroup;
			children = (
				4205FED720BC70E4000D5C4D /* Navigator.swift */,
				4205FED920BC70F6000D5C4D /* AppNavigator.swift */,
				4205FEDB20BC7108000D5C4D /* MainNavigator.swift */,
			);
			path = Navigation;
			sourceTree = "<group>";
		};
		4205FECE20BC705B000D5C4D /* Storage */ = {
			isa = PBXGroup;
			children = (
				4205FEDF20BC71A5000D5C4D /* Repository.swift */,
			);
			path = Storage;
			sourceTree = "<group>";
		};
		4205FECF20BC7066000D5C4D /* UI */ = {
			isa = PBXGroup;
			children = (
				4205FF0A20BD9D81000D5C4D /* Quote */,
				4205FED020BC706A000D5C4D /* Home */,
			);
			path = UI;
			sourceTree = "<group>";
		};
		4205FED020BC706A000D5C4D /* Home */ = {
			isa = PBXGroup;
			children = (
				42C29B2E20BC6EDF006ADCF8 /* SymbolViewController.swift */,
				4205FEDD20BC7120000D5C4D /* SymbolView.swift */,
				4205FEE120BC73D1000D5C4D /* SymbolTableCell.swift */,
				4205FEE520BC8C13000D5C4D /* SymbolInteractor.swift */,
			);
			path = Home;
			sourceTree = "<group>";
		};
		4205FF0A20BD9D81000D5C4D /* Quote */ = {
			isa = PBXGroup;
			children = (
				4205FF0B20BD9DA8000D5C4D /* QuoteViewController.swift */,
				4205FF0D20BD9DB3000D5C4D /* QuoteView.swift */,
				4205FF0F20BD9DC7000D5C4D /* QuoteInteractor.swift */,
			);
			path = Quote;
			sourceTree = "<group>";
		};
		42C29B2020BC6EDF006ADCF8 = {
			isa = PBXGroup;
			children = (
				42C29B2B20BC6EDF006ADCF8 /* RxCurrency */,
				42C29B4020BC6EDF006ADCF8 /* RxCurrencyTests */,
				42C29B4B20BC6EDF006ADCF8 /* RxCurrencyUITests */,
				42C29B2A20BC6EDF006ADCF8 /* Products */,
				6A1619AFD6DD8EBD5507D9D0 /* Pods */,
				0D167249B32ABF9B7F1F95CB /* Frameworks */,
			);
			sourceTree = "<group>";
		};
		42C29B2A20BC6EDF006ADCF8 /* Products */ = {
			isa = PBXGroup;
			children = (
				42C29B2920BC6EDF006ADCF8 /* RxCurrency.app */,
				42C29B3D20BC6EDF006ADCF8 /* RxCurrencyTests.xctest */,
				42C29B4820BC6EDF006ADCF8 /* RxCurrencyUITests.xctest */,
			);
			name = Products;
			sourceTree = "<group>";
		};
		42C29B2B20BC6EDF006ADCF8 /* RxCurrency */ = {
			isa = PBXGroup;
			children = (
				4205FF1320BDA89F000D5C4D /* QuoteHistory.xcdatamodeld */,
				4205FECF20BC7066000D5C4D /* UI */,
				4205FECE20BC705B000D5C4D /* Storage */,
				4205FECD20BC7050000D5C4D /* Navigation */,
				4205FECC20BC7049000D5C4D /* Models */,
				4205FECB20BC7041000D5C4D /* Factories */,
				42C29B2C20BC6EDF006ADCF8 /* AppDelegate.swift */,
				42C29B3020BC6EDF006ADCF8 /* Main.storyboard */,
				42C29B3320BC6EDF006ADCF8 /* Assets.xcassets */,
				42C29B3520BC6EDF006ADCF8 /* LaunchScreen.storyboard */,
				42C29B3820BC6EDF006ADCF8 /* Info.plist */,
				4205FED120BC7083000D5C4D /* UIViewExtensions.swift */,
				4205FF5320BDC05D000D5C4D /* StyleKit.swift */,
			);
			path = RxCurrency;
			sourceTree = "<group>";
		};
		42C29B4020BC6EDF006ADCF8 /* RxCurrencyTests */ = {
			isa = PBXGroup;
			children = (
				42C29B4120BC6EDF006ADCF8 /* RxCurrencyTests.swift */,
				42C29B4320BC6EDF006ADCF8 /* Info.plist */,
			);
			path = RxCurrencyTests;
			sourceTree = "<group>";
		};
		42C29B4B20BC6EDF006ADCF8 /* RxCurrencyUITests */ = {
			isa = PBXGroup;
			children = (
				42C29B4C20BC6EDF006ADCF8 /* RxCurrencyUITests.swift */,
				42C29B4E20BC6EDF006ADCF8 /* Info.plist */,
			);
			path = RxCurrencyUITests;
			sourceTree = "<group>";
		};
		6A1619AFD6DD8EBD5507D9D0 /* Pods */ = {
			isa = PBXGroup;
			children = (
				718300EF475634EA6B2966E6 /* Pods-RxCurrency.debug.xcconfig */,
				D7B1439F01EF70864A3C472F /* Pods-RxCurrency.release.xcconfig */,
				DF3AC7C1F80461663ABD0D69 /* Pods-RxCurrencyTests.debug.xcconfig */,
				ADB6671694290C24192E20F9 /* Pods-RxCurrencyTests.release.xcconfig */,
				D3D6843F50C39994D97F4854 /* Pods-RxCurrencyUITests.debug.xcconfig */,
				5FDFF50E81CAFC2ECEE4D4A5 /* Pods-RxCurrencyUITests.release.xcconfig */,
			);
			name = Pods;
			sourceTree = "<group>";
		};
/* End PBXGroup section */

/* Begin PBXNativeTarget section */
		42C29B2820BC6EDF006ADCF8 /* RxCurrency */ = {
			isa = PBXNativeTarget;
			buildConfigurationList = 42C29B5120BC6EDF006ADCF8 /* Build configuration list for PBXNativeTarget "RxCurrency" */;
			buildPhases = (
				03CEB7FBF8AB22F72646FB5A /* [CP] Check Pods Manifest.lock */,
				42C29B2520BC6EDF006ADCF8 /* Sources */,
				42C29B2620BC6EDF006ADCF8 /* Frameworks */,
				42C29B2720BC6EDF006ADCF8 /* Resources */,
				9551E01A9DE3834C284C15E6 /* [CP] Embed Pods Frameworks */,
				83DC0E3B6C1688C5E1065BF1 /* [CP] Copy Pods Resources */,
			);
			buildRules = (
			);
			dependencies = (
			);
			name = RxCurrency;
			productName = RxCurrency;
			productReference = 42C29B2920BC6EDF006ADCF8 /* RxCurrency.app */;
			productType = "com.apple.product-type.application";
		};
		42C29B3C20BC6EDF006ADCF8 /* RxCurrencyTests */ = {
			isa = PBXNativeTarget;
			buildConfigurationList = 42C29B5420BC6EDF006ADCF8 /* Build configuration list for PBXNativeTarget "RxCurrencyTests" */;
			buildPhases = (
				EB0B286A89A94A8C67C6A0DD /* [CP] Check Pods Manifest.lock */,
				42C29B3920BC6EDF006ADCF8 /* Sources */,
				42C29B3A20BC6EDF006ADCF8 /* Frameworks */,
				42C29B3B20BC6EDF006ADCF8 /* Resources */,
				2683A9E4B5C5399B6FC34743 /* [CP] Embed Pods Frameworks */,
				D72376B9374D3D86C9BA7BCF /* [CP] Copy Pods Resources */,
			);
			buildRules = (
			);
			dependencies = (
				42C29B3F20BC6EDF006ADCF8 /* PBXTargetDependency */,
			);
			name = RxCurrencyTests;
			productName = RxCurrencyTests;
			productReference = 42C29B3D20BC6EDF006ADCF8 /* RxCurrencyTests.xctest */;
			productType = "com.apple.product-type.bundle.unit-test";
		};
		42C29B4720BC6EDF006ADCF8 /* RxCurrencyUITests */ = {
			isa = PBXNativeTarget;
			buildConfigurationList = 42C29B5720BC6EDF006ADCF8 /* Build configuration list for PBXNativeTarget "RxCurrencyUITests" */;
			buildPhases = (
				4DADB31A1C9C2CA9AB3E9997 /* [CP] Check Pods Manifest.lock */,
				42C29B4420BC6EDF006ADCF8 /* Sources */,
				42C29B4520BC6EDF006ADCF8 /* Frameworks */,
				42C29B4620BC6EDF006ADCF8 /* Resources */,
				C734444E6AF41FEE577EC421 /* [CP] Embed Pods Frameworks */,
				C6D50EA53E0938464098FB85 /* [CP] Copy Pods Resources */,
			);
			buildRules = (
			);
			dependencies = (
				42C29B4A20BC6EDF006ADCF8 /* PBXTargetDependency */,
			);
			name = RxCurrencyUITests;
			productName = RxCurrencyUITests;
			productReference = 42C29B4820BC6EDF006ADCF8 /* RxCurrencyUITests.xctest */;
			productType = "com.apple.product-type.bundle.ui-testing";
		};
/* End PBXNativeTarget section */

/* Begin PBXProject section */
		42C29B2120BC6EDF006ADCF8 /* Project object */ = {
			isa = PBXProject;
			attributes = {
				LastSwiftUpdateCheck = 0930;
				LastUpgradeCheck = 0930;
				ORGANIZATIONNAME = "Michael Remondi";
				TargetAttributes = {
					42C29B2820BC6EDF006ADCF8 = {
						CreatedOnToolsVersion = 9.3.1;
					};
					42C29B3C20BC6EDF006ADCF8 = {
						CreatedOnToolsVersion = 9.3.1;
						TestTargetID = 42C29B2820BC6EDF006ADCF8;
					};
					42C29B4720BC6EDF006ADCF8 = {
						CreatedOnToolsVersion = 9.3.1;
						TestTargetID = 42C29B2820BC6EDF006ADCF8;
					};
				};
			};
			buildConfigurationList = 42C29B2420BC6EDF006ADCF8 /* Build configuration list for PBXProject "RxCurrency" */;
			compatibilityVersion = "Xcode 9.3";
			developmentRegion = en;
			hasScannedForEncodings = 0;
			knownRegions = (
				en,
				Base,
			);
			mainGroup = 42C29B2020BC6EDF006ADCF8;
			productRefGroup = 42C29B2A20BC6EDF006ADCF8 /* Products */;
			projectDirPath = "";
			projectRoot = "";
			targets = (
				42C29B2820BC6EDF006ADCF8 /* RxCurrency */,
				42C29B3C20BC6EDF006ADCF8 /* RxCurrencyTests */,
				42C29B4720BC6EDF006ADCF8 /* RxCurrencyUITests */,
			);
		};
/* End PBXProject section */

/* Begin PBXResourcesBuildPhase section */
		42C29B2720BC6EDF006ADCF8 /* Resources */ = {
			isa = PBXResourcesBuildPhase;
			buildActionMask = 2147483647;
			files = (
				42C29B3720BC6EDF006ADCF8 /* LaunchScreen.storyboard in Resources */,
				42C29B3420BC6EDF006ADCF8 /* Assets.xcassets in Resources */,
				42C29B3220BC6EDF006ADCF8 /* Main.storyboard in Resources */,
			);
			runOnlyForDeploymentPostprocessing = 0;
		};
		42C29B3B20BC6EDF006ADCF8 /* Resources */ = {
			isa = PBXResourcesBuildPhase;
			buildActionMask = 2147483647;
			files = (
			);
			runOnlyForDeploymentPostprocessing = 0;
		};
		42C29B4620BC6EDF006ADCF8 /* Resources */ = {
			isa = PBXResourcesBuildPhase;
			buildActionMask = 2147483647;
			files = (
			);
			runOnlyForDeploymentPostprocessing = 0;
		};
/* End PBXResourcesBuildPhase section */

/* Begin PBXShellScriptBuildPhase section */
		03CEB7FBF8AB22F72646FB5A /* [CP] Check Pods Manifest.lock */ = {
			isa = PBXShellScriptBuildPhase;
			buildActionMask = 2147483647;
			files = (
			);
			inputPaths = (
				"${PODS_PODFILE_DIR_PATH}/Podfile.lock",
				"${PODS_ROOT}/Manifest.lock",
			);
			name = "[CP] Check Pods Manifest.lock";
			outputPaths = (
				"$(DERIVED_FILE_DIR)/Pods-RxCurrency-checkManifestLockResult.txt",
			);
			runOnlyForDeploymentPostprocessing = 0;
			shellPath = /bin/sh;
			shellScript = "diff \"${PODS_PODFILE_DIR_PATH}/Podfile.lock\" \"${PODS_ROOT}/Manifest.lock\" > /dev/null\nif [ $? != 0 ] ; then\n    # print error to STDERR\n    echo \"error: The sandbox is not in sync with the Podfile.lock. Run 'pod install' or update your CocoaPods installation.\" >&2\n    exit 1\nfi\n# This output is used by Xcode 'outputs' to avoid re-running this script phase.\necho \"SUCCESS\" > \"${SCRIPT_OUTPUT_FILE_0}\"\n";
			showEnvVarsInLog = 0;
		};
		2683A9E4B5C5399B6FC34743 /* [CP] Embed Pods Frameworks */ = {
			isa = PBXShellScriptBuildPhase;
			buildActionMask = 2147483647;
			files = (
			);
			inputPaths = (
				"${SRCROOT}/Pods/Target Support Files/Pods-RxCurrencyTests/Pods-RxCurrencyTests-frameworks.sh",
				"${BUILT_PRODUCTS_DIR}/RxSwift/RxSwift.framework",
				"${BUILT_PRODUCTS_DIR}/RxBlocking/RxBlocking.framework",
				"${BUILT_PRODUCTS_DIR}/RxTest/RxTest.framework",
			);
			name = "[CP] Embed Pods Frameworks";
			outputPaths = (
				"${TARGET_BUILD_DIR}/${FRAMEWORKS_FOLDER_PATH}/RxSwift.framework",
				"${TARGET_BUILD_DIR}/${FRAMEWORKS_FOLDER_PATH}/RxBlocking.framework",
				"${TARGET_BUILD_DIR}/${FRAMEWORKS_FOLDER_PATH}/RxTest.framework",
			);
			runOnlyForDeploymentPostprocessing = 0;
			shellPath = /bin/sh;
			shellScript = "\"${SRCROOT}/Pods/Target Support Files/Pods-RxCurrencyTests/Pods-RxCurrencyTests-frameworks.sh\"\n";
			showEnvVarsInLog = 0;
		};
		4DADB31A1C9C2CA9AB3E9997 /* [CP] Check Pods Manifest.lock */ = {
			isa = PBXShellScriptBuildPhase;
			buildActionMask = 2147483647;
			files = (
			);
			inputPaths = (
				"${PODS_PODFILE_DIR_PATH}/Podfile.lock",
				"${PODS_ROOT}/Manifest.lock",
			);
			name = "[CP] Check Pods Manifest.lock";
			outputPaths = (
				"$(DERIVED_FILE_DIR)/Pods-RxCurrencyUITests-checkManifestLockResult.txt",
			);
			runOnlyForDeploymentPostprocessing = 0;
			shellPath = /bin/sh;
			shellScript = "diff \"${PODS_PODFILE_DIR_PATH}/Podfile.lock\" \"${PODS_ROOT}/Manifest.lock\" > /dev/null\nif [ $? != 0 ] ; then\n    # print error to STDERR\n    echo \"error: The sandbox is not in sync with the Podfile.lock. Run 'pod install' or update your CocoaPods installation.\" >&2\n    exit 1\nfi\n# This output is used by Xcode 'outputs' to avoid re-running this script phase.\necho \"SUCCESS\" > \"${SCRIPT_OUTPUT_FILE_0}\"\n";
			showEnvVarsInLog = 0;
		};
		83DC0E3B6C1688C5E1065BF1 /* [CP] Copy Pods Resources */ = {
			isa = PBXShellScriptBuildPhase;
			buildActionMask = 2147483647;
			files = (
			);
			inputPaths = (
			);
			name = "[CP] Copy Pods Resources";
			outputPaths = (
			);
			runOnlyForDeploymentPostprocessing = 0;
			shellPath = /bin/sh;
			shellScript = "\"${SRCROOT}/Pods/Target Support Files/Pods-RxCurrency/Pods-RxCurrency-resources.sh\"\n";
			showEnvVarsInLog = 0;
		};
		9551E01A9DE3834C284C15E6 /* [CP] Embed Pods Frameworks */ = {
			isa = PBXShellScriptBuildPhase;
			buildActionMask = 2147483647;
			files = (
			);
			inputPaths = (
				"${SRCROOT}/Pods/Target Support Files/Pods-RxCurrency/Pods-RxCurrency-frameworks.sh",
				"${BUILT_PRODUCTS_DIR}/Alamofire/Alamofire.framework",
				"${BUILT_PRODUCTS_DIR}/RxCocoa/RxCocoa.framework",
				"${BUILT_PRODUCTS_DIR}/RxSwift/RxSwift.framework",
			);
			name = "[CP] Embed Pods Frameworks";
			outputPaths = (
				"${TARGET_BUILD_DIR}/${FRAMEWORKS_FOLDER_PATH}/Alamofire.framework",
				"${TARGET_BUILD_DIR}/${FRAMEWORKS_FOLDER_PATH}/RxCocoa.framework",
				"${TARGET_BUILD_DIR}/${FRAMEWORKS_FOLDER_PATH}/RxSwift.framework",
			);
			runOnlyForDeploymentPostprocessing = 0;
			shellPath = /bin/sh;
			shellScript = "\"${SRCROOT}/Pods/Target Support Files/Pods-RxCurrency/Pods-RxCurrency-frameworks.sh\"\n";
			showEnvVarsInLog = 0;
		};
		C6D50EA53E0938464098FB85 /* [CP] Copy Pods Resources */ = {
			isa = PBXShellScriptBuildPhase;
			buildActionMask = 2147483647;
			files = (
			);
			inputPaths = (
			);
			name = "[CP] Copy Pods Resources";
			outputPaths = (
			);
			runOnlyForDeploymentPostprocessing = 0;
			shellPath = /bin/sh;
			shellScript = "\"${SRCROOT}/Pods/Target Support Files/Pods-RxCurrencyUITests/Pods-RxCurrencyUITests-resources.sh\"\n";
			showEnvVarsInLog = 0;
		};
		C734444E6AF41FEE577EC421 /* [CP] Embed Pods Frameworks */ = {
			isa = PBXShellScriptBuildPhase;
			buildActionMask = 2147483647;
			files = (
			);
			inputPaths = (
			);
			name = "[CP] Embed Pods Frameworks";
			outputPaths = (
			);
			runOnlyForDeploymentPostprocessing = 0;
			shellPath = /bin/sh;
			shellScript = "\"${SRCROOT}/Pods/Target Support Files/Pods-RxCurrencyUITests/Pods-RxCurrencyUITests-frameworks.sh\"\n";
			showEnvVarsInLog = 0;
		};
		D72376B9374D3D86C9BA7BCF /* [CP] Copy Pods Resources */ = {
			isa = PBXShellScriptBuildPhase;
			buildActionMask = 2147483647;
			files = (
			);
			inputPaths = (
			);
			name = "[CP] Copy Pods Resources";
			outputPaths = (
			);
			runOnlyForDeploymentPostprocessing = 0;
			shellPath = /bin/sh;
			shellScript = "\"${SRCROOT}/Pods/Target Support Files/Pods-RxCurrencyTests/Pods-RxCurrencyTests-resources.sh\"\n";
			showEnvVarsInLog = 0;
		};
		EB0B286A89A94A8C67C6A0DD /* [CP] Check Pods Manifest.lock */ = {
			isa = PBXShellScriptBuildPhase;
			buildActionMask = 2147483647;
			files = (
			);
			inputPaths = (
				"${PODS_PODFILE_DIR_PATH}/Podfile.lock",
				"${PODS_ROOT}/Manifest.lock",
			);
			name = "[CP] Check Pods Manifest.lock";
			outputPaths = (
				"$(DERIVED_FILE_DIR)/Pods-RxCurrencyTests-checkManifestLockResult.txt",
			);
			runOnlyForDeploymentPostprocessing = 0;
			shellPath = /bin/sh;
			shellScript = "diff \"${PODS_PODFILE_DIR_PATH}/Podfile.lock\" \"${PODS_ROOT}/Manifest.lock\" > /dev/null\nif [ $? != 0 ] ; then\n    # print error to STDERR\n    echo \"error: The sandbox is not in sync with the Podfile.lock. Run 'pod install' or update your CocoaPods installation.\" >&2\n    exit 1\nfi\n# This output is used by Xcode 'outputs' to avoid re-running this script phase.\necho \"SUCCESS\" > \"${SCRIPT_OUTPUT_FILE_0}\"\n";
			showEnvVarsInLog = 0;
		};
/* End PBXShellScriptBuildPhase section */

/* Begin PBXSourcesBuildPhase section */
		42C29B2520BC6EDF006ADCF8 /* Sources */ = {
			isa = PBXSourcesBuildPhase;
			buildActionMask = 2147483647;
			files = (
				42C29B2F20BC6EDF006ADCF8 /* SymbolViewController.swift in Sources */,
				4205FF0C20BD9DA8000D5C4D /* QuoteViewController.swift in Sources */,
				4205FED620BC70C4000D5C4D /* ViewControllerFactory.swift in Sources */,
				4205FEDA20BC70F6000D5C4D /* AppNavigator.swift in Sources */,
				4205FEE220BC73D1000D5C4D /* SymbolTableCell.swift in Sources */,
				4205FF1520BDA89F000D5C4D /* QuoteHistory.xcdatamodeld in Sources */,
				4205FED220BC7083000D5C4D /* UIViewExtensions.swift in Sources */,
				4205FEE420BC7734000D5C4D /* Symbol.swift in Sources */,
				4205FF0E20BD9DB3000D5C4D /* QuoteView.swift in Sources */,
				4205FED420BC70B6000D5C4D /* DependencyContainer.swift in Sources */,
				4205FEE620BC8C13000D5C4D /* SymbolInteractor.swift in Sources */,
				4205FF1220BD9DD9000D5C4D /* Quote.swift in Sources */,
				42C29B2D20BC6EDF006ADCF8 /* AppDelegate.swift in Sources */,
				4205FEDC20BC7108000D5C4D /* MainNavigator.swift in Sources */,
				4205FEE020BC71A5000D5C4D /* Repository.swift in Sources */,
				4205FEDE20BC7120000D5C4D /* SymbolView.swift in Sources */,
				4205FED820BC70E4000D5C4D /* Navigator.swift in Sources */,
				4205FF1020BD9DC7000D5C4D /* QuoteInteractor.swift in Sources */,
				4205FF5420BDC05D000D5C4D /* StyleKit.swift in Sources */,
			);
			runOnlyForDeploymentPostprocessing = 0;
		};
		42C29B3920BC6EDF006ADCF8 /* Sources */ = {
			isa = PBXSourcesBuildPhase;
			buildActionMask = 2147483647;
			files = (
				42C29B4220BC6EDF006ADCF8 /* RxCurrencyTests.swift in Sources */,
			);
			runOnlyForDeploymentPostprocessing = 0;
		};
		42C29B4420BC6EDF006ADCF8 /* Sources */ = {
			isa = PBXSourcesBuildPhase;
			buildActionMask = 2147483647;
			files = (
				42C29B4D20BC6EDF006ADCF8 /* RxCurrencyUITests.swift in Sources */,
			);
			runOnlyForDeploymentPostprocessing = 0;
		};
/* End PBXSourcesBuildPhase section */

/* Begin PBXTargetDependency section */
		42C29B3F20BC6EDF006ADCF8 /* PBXTargetDependency */ = {
			isa = PBXTargetDependency;
			target = 42C29B2820BC6EDF006ADCF8 /* RxCurrency */;
			targetProxy = 42C29B3E20BC6EDF006ADCF8 /* PBXContainerItemProxy */;
		};
		42C29B4A20BC6EDF006ADCF8 /* PBXTargetDependency */ = {
			isa = PBXTargetDependency;
			target = 42C29B2820BC6EDF006ADCF8 /* RxCurrency */;
			targetProxy = 42C29B4920BC6EDF006ADCF8 /* PBXContainerItemProxy */;
		};
/* End PBXTargetDependency section */

/* Begin PBXVariantGroup section */
		42C29B3020BC6EDF006ADCF8 /* Main.storyboard */ = {
			isa = PBXVariantGroup;
			children = (
				42C29B3120BC6EDF006ADCF8 /* Base */,
			);
			name = Main.storyboard;
			sourceTree = "<group>";
		};
		42C29B3520BC6EDF006ADCF8 /* LaunchScreen.storyboard */ = {
			isa = PBXVariantGroup;
			children = (
				42C29B3620BC6EDF006ADCF8 /* Base */,
			);
			name = LaunchScreen.storyboard;
			sourceTree = "<group>";
		};
/* End PBXVariantGroup section */

/* Begin XCBuildConfiguration section */
		42C29B4F20BC6EDF006ADCF8 /* Debug */ = {
			isa = XCBuildConfiguration;
			buildSettings = {
				ALWAYS_SEARCH_USER_PATHS = NO;
				CLANG_ANALYZER_NONNULL = YES;
				CLANG_ANALYZER_NUMBER_OBJECT_CONVERSION = YES_AGGRESSIVE;
				CLANG_CXX_LANGUAGE_STANDARD = "gnu++14";
				CLANG_CXX_LIBRARY = "libc++";
				CLANG_ENABLE_MODULES = YES;
				CLANG_ENABLE_OBJC_ARC = YES;
				CLANG_ENABLE_OBJC_WEAK = YES;
				CLANG_WARN_BLOCK_CAPTURE_AUTORELEASING = YES;
				CLANG_WARN_BOOL_CONVERSION = YES;
				CLANG_WARN_COMMA = YES;
				CLANG_WARN_CONSTANT_CONVERSION = YES;
				CLANG_WARN_DEPRECATED_OBJC_IMPLEMENTATIONS = YES;
				CLANG_WARN_DIRECT_OBJC_ISA_USAGE = YES_ERROR;
				CLANG_WARN_DOCUMENTATION_COMMENTS = YES;
				CLANG_WARN_EMPTY_BODY = YES;
				CLANG_WARN_ENUM_CONVERSION = YES;
				CLANG_WARN_INFINITE_RECURSION = YES;
				CLANG_WARN_INT_CONVERSION = YES;
				CLANG_WARN_NON_LITERAL_NULL_CONVERSION = YES;
				CLANG_WARN_OBJC_IMPLICIT_RETAIN_SELF = YES;
				CLANG_WARN_OBJC_LITERAL_CONVERSION = YES;
				CLANG_WARN_OBJC_ROOT_CLASS = YES_ERROR;
				CLANG_WARN_RANGE_LOOP_ANALYSIS = YES;
				CLANG_WARN_STRICT_PROTOTYPES = YES;
				CLANG_WARN_SUSPICIOUS_MOVE = YES;
				CLANG_WARN_UNGUARDED_AVAILABILITY = YES_AGGRESSIVE;
				CLANG_WARN_UNREACHABLE_CODE = YES;
				CLANG_WARN__DUPLICATE_METHOD_MATCH = YES;
				CODE_SIGN_IDENTITY = "iPhone Developer";
				COPY_PHASE_STRIP = NO;
				DEBUG_INFORMATION_FORMAT = dwarf;
				ENABLE_STRICT_OBJC_MSGSEND = YES;
				ENABLE_TESTABILITY = YES;
				GCC_C_LANGUAGE_STANDARD = gnu11;
				GCC_DYNAMIC_NO_PIC = NO;
				GCC_NO_COMMON_BLOCKS = YES;
				GCC_OPTIMIZATION_LEVEL = 0;
				GCC_PREPROCESSOR_DEFINITIONS = (
					"DEBUG=1",
					"$(inherited)",
				);
				GCC_WARN_64_TO_32_BIT_CONVERSION = YES;
				GCC_WARN_ABOUT_RETURN_TYPE = YES_ERROR;
				GCC_WARN_UNDECLARED_SELECTOR = YES;
				GCC_WARN_UNINITIALIZED_AUTOS = YES_AGGRESSIVE;
				GCC_WARN_UNUSED_FUNCTION = YES;
				GCC_WARN_UNUSED_VARIABLE = YES;
				IPHONEOS_DEPLOYMENT_TARGET = 11.3;
				MTL_ENABLE_DEBUG_INFO = YES;
				ONLY_ACTIVE_ARCH = YES;
				SDKROOT = iphoneos;
				SWIFT_ACTIVE_COMPILATION_CONDITIONS = DEBUG;
				SWIFT_OPTIMIZATION_LEVEL = "-Onone";
			};
			name = Debug;
		};
		42C29B5020BC6EDF006ADCF8 /* Release */ = {
			isa = XCBuildConfiguration;
			buildSettings = {
				ALWAYS_SEARCH_USER_PATHS = NO;
				CLANG_ANALYZER_NONNULL = YES;
				CLANG_ANALYZER_NUMBER_OBJECT_CONVERSION = YES_AGGRESSIVE;
				CLANG_CXX_LANGUAGE_STANDARD = "gnu++14";
				CLANG_CXX_LIBRARY = "libc++";
				CLANG_ENABLE_MODULES = YES;
				CLANG_ENABLE_OBJC_ARC = YES;
				CLANG_ENABLE_OBJC_WEAK = YES;
				CLANG_WARN_BLOCK_CAPTURE_AUTORELEASING = YES;
				CLANG_WARN_BOOL_CONVERSION = YES;
				CLANG_WARN_COMMA = YES;
				CLANG_WARN_CONSTANT_CONVERSION = YES;
				CLANG_WARN_DEPRECATED_OBJC_IMPLEMENTATIONS = YES;
				CLANG_WARN_DIRECT_OBJC_ISA_USAGE = YES_ERROR;
				CLANG_WARN_DOCUMENTATION_COMMENTS = YES;
				CLANG_WARN_EMPTY_BODY = YES;
				CLANG_WARN_ENUM_CONVERSION = YES;
				CLANG_WARN_INFINITE_RECURSION = YES;
				CLANG_WARN_INT_CONVERSION = YES;
				CLANG_WARN_NON_LITERAL_NULL_CONVERSION = YES;
				CLANG_WARN_OBJC_IMPLICIT_RETAIN_SELF = YES;
				CLANG_WARN_OBJC_LITERAL_CONVERSION = YES;
				CLANG_WARN_OBJC_ROOT_CLASS = YES_ERROR;
				CLANG_WARN_RANGE_LOOP_ANALYSIS = YES;
				CLANG_WARN_STRICT_PROTOTYPES = YES;
				CLANG_WARN_SUSPICIOUS_MOVE = YES;
				CLANG_WARN_UNGUARDED_AVAILABILITY = YES_AGGRESSIVE;
				CLANG_WARN_UNREACHABLE_CODE = YES;
				CLANG_WARN__DUPLICATE_METHOD_MATCH = YES;
				CODE_SIGN_IDENTITY = "iPhone Developer";
				COPY_PHASE_STRIP = NO;
				DEBUG_INFORMATION_FORMAT = "dwarf-with-dsym";
				ENABLE_NS_ASSERTIONS = NO;
				ENABLE_STRICT_OBJC_MSGSEND = YES;
				GCC_C_LANGUAGE_STANDARD = gnu11;
				GCC_NO_COMMON_BLOCKS = YES;
				GCC_WARN_64_TO_32_BIT_CONVERSION = YES;
				GCC_WARN_ABOUT_RETURN_TYPE = YES_ERROR;
				GCC_WARN_UNDECLARED_SELECTOR = YES;
				GCC_WARN_UNINITIALIZED_AUTOS = YES_AGGRESSIVE;
				GCC_WARN_UNUSED_FUNCTION = YES;
				GCC_WARN_UNUSED_VARIABLE = YES;
				IPHONEOS_DEPLOYMENT_TARGET = 11.3;
				MTL_ENABLE_DEBUG_INFO = NO;
				SDKROOT = iphoneos;
				SWIFT_COMPILATION_MODE = wholemodule;
				SWIFT_OPTIMIZATION_LEVEL = "-O";
				VALIDATE_PRODUCT = YES;
			};
			name = Release;
		};
		42C29B5220BC6EDF006ADCF8 /* Debug */ = {
			isa = XCBuildConfiguration;
			baseConfigurationReference = 718300EF475634EA6B2966E6 /* Pods-RxCurrency.debug.xcconfig */;
			buildSettings = {
				ASSETCATALOG_COMPILER_APPICON_NAME = AppIcon;
				CODE_SIGN_STYLE = Automatic;
				DEVELOPMENT_TEAM = S3U63VAY3H;
				INFOPLIST_FILE = RxCurrency/Info.plist;
				LD_RUNPATH_SEARCH_PATHS = (
					"$(inherited)",
					"@executable_path/Frameworks",
				);
				PRODUCT_BUNDLE_IDENTIFIER = com.michaelremondi.RxCurrency;
				PRODUCT_NAME = "$(TARGET_NAME)";
				SWIFT_VERSION = 4.0;
				TARGETED_DEVICE_FAMILY = "1,2";
			};
			name = Debug;
		};
		42C29B5320BC6EDF006ADCF8 /* Release */ = {
			isa = XCBuildConfiguration;
			baseConfigurationReference = D7B1439F01EF70864A3C472F /* Pods-RxCurrency.release.xcconfig */;
			buildSettings = {
				ASSETCATALOG_COMPILER_APPICON_NAME = AppIcon;
				CODE_SIGN_STYLE = Automatic;
				DEVELOPMENT_TEAM = S3U63VAY3H;
				INFOPLIST_FILE = RxCurrency/Info.plist;
				LD_RUNPATH_SEARCH_PATHS = (
					"$(inherited)",
					"@executable_path/Frameworks",
				);
				PRODUCT_BUNDLE_IDENTIFIER = com.michaelremondi.RxCurrency;
				PRODUCT_NAME = "$(TARGET_NAME)";
				SWIFT_VERSION = 4.0;
				TARGETED_DEVICE_FAMILY = "1,2";
			};
			name = Release;
		};
		42C29B5520BC6EDF006ADCF8 /* Debug */ = {
			isa = XCBuildConfiguration;
			baseConfigurationReference = DF3AC7C1F80461663ABD0D69 /* Pods-RxCurrencyTests.debug.xcconfig */;
			buildSettings = {
				ALWAYS_EMBED_SWIFT_STANDARD_LIBRARIES = YES;
				BUNDLE_LOADER = "$(TEST_HOST)";
				CODE_SIGN_STYLE = Automatic;
				DEVELOPMENT_TEAM = S3U63VAY3H;
				INFOPLIST_FILE = RxCurrencyTests/Info.plist;
				LD_RUNPATH_SEARCH_PATHS = (
					"$(inherited)",
					"@executable_path/Frameworks",
					"@loader_path/Frameworks",
				);
				PRODUCT_BUNDLE_IDENTIFIER = com.michaelremondi.RxCurrencyTests;
				PRODUCT_NAME = "$(TARGET_NAME)";
				SWIFT_VERSION = 4.0;
				TARGETED_DEVICE_FAMILY = "1,2";
				TEST_HOST = "$(BUILT_PRODUCTS_DIR)/RxCurrency.app/RxCurrency";
			};
			name = Debug;
		};
		42C29B5620BC6EDF006ADCF8 /* Release */ = {
			isa = XCBuildConfiguration;
			baseConfigurationReference = ADB6671694290C24192E20F9 /* Pods-RxCurrencyTests.release.xcconfig */;
			buildSettings = {
				ALWAYS_EMBED_SWIFT_STANDARD_LIBRARIES = YES;
				BUNDLE_LOADER = "$(TEST_HOST)";
				CODE_SIGN_STYLE = Automatic;
				DEVELOPMENT_TEAM = S3U63VAY3H;
				INFOPLIST_FILE = RxCurrencyTests/Info.plist;
				LD_RUNPATH_SEARCH_PATHS = (
					"$(inherited)",
					"@executable_path/Frameworks",
					"@loader_path/Frameworks",
				);
				PRODUCT_BUNDLE_IDENTIFIER = com.michaelremondi.RxCurrencyTests;
				PRODUCT_NAME = "$(TARGET_NAME)";
				SWIFT_VERSION = 4.0;
				TARGETED_DEVICE_FAMILY = "1,2";
				TEST_HOST = "$(BUILT_PRODUCTS_DIR)/RxCurrency.app/RxCurrency";
			};
			name = Release;
		};
		42C29B5820BC6EDF006ADCF8 /* Debug */ = {
			isa = XCBuildConfiguration;
			baseConfigurationReference = D3D6843F50C39994D97F4854 /* Pods-RxCurrencyUITests.debug.xcconfig */;
			buildSettings = {
				ALWAYS_EMBED_SWIFT_STANDARD_LIBRARIES = YES;
				CODE_SIGN_STYLE = Automatic;
				DEVELOPMENT_TEAM = S3U63VAY3H;
				INFOPLIST_FILE = RxCurrencyUITests/Info.plist;
				LD_RUNPATH_SEARCH_PATHS = (
					"$(inherited)",
					"@executable_path/Frameworks",
					"@loader_path/Frameworks",
				);
				PRODUCT_BUNDLE_IDENTIFIER = com.michaelremondi.RxCurrencyUITests;
				PRODUCT_NAME = "$(TARGET_NAME)";
				SWIFT_VERSION = 4.0;
				TARGETED_DEVICE_FAMILY = "1,2";
				TEST_TARGET_NAME = RxCurrency;
			};
			name = Debug;
		};
		42C29B5920BC6EDF006ADCF8 /* Release */ = {
			isa = XCBuildConfiguration;
			baseConfigurationReference = 5FDFF50E81CAFC2ECEE4D4A5 /* Pods-RxCurrencyUITests.release.xcconfig */;
			buildSettings = {
				ALWAYS_EMBED_SWIFT_STANDARD_LIBRARIES = YES;
				CODE_SIGN_STYLE = Automatic;
				DEVELOPMENT_TEAM = S3U63VAY3H;
				INFOPLIST_FILE = RxCurrencyUITests/Info.plist;
				LD_RUNPATH_SEARCH_PATHS = (
					"$(inherited)",
					"@executable_path/Frameworks",
					"@loader_path/Frameworks",
				);
				PRODUCT_BUNDLE_IDENTIFIER = com.michaelremondi.RxCurrencyUITests;
				PRODUCT_NAME = "$(TARGET_NAME)";
				SWIFT_VERSION = 4.0;
				TARGETED_DEVICE_FAMILY = "1,2";
				TEST_TARGET_NAME = RxCurrency;
			};
			name = Release;
		};
/* End XCBuildConfiguration section */

/* Begin XCConfigurationList section */
		42C29B2420BC6EDF006ADCF8 /* Build configuration list for PBXProject "RxCurrency" */ = {
			isa = XCConfigurationList;
			buildConfigurations = (
				42C29B4F20BC6EDF006ADCF8 /* Debug */,
				42C29B5020BC6EDF006ADCF8 /* Release */,
			);
			defaultConfigurationIsVisible = 0;
			defaultConfigurationName = Release;
		};
		42C29B5120BC6EDF006ADCF8 /* Build configuration list for PBXNativeTarget "RxCurrency" */ = {
			isa = XCConfigurationList;
			buildConfigurations = (
				42C29B5220BC6EDF006ADCF8 /* Debug */,
				42C29B5320BC6EDF006ADCF8 /* Release */,
			);
			defaultConfigurationIsVisible = 0;
			defaultConfigurationName = Release;
		};
		42C29B5420BC6EDF006ADCF8 /* Build configuration list for PBXNativeTarget "RxCurrencyTests" */ = {
			isa = XCConfigurationList;
			buildConfigurations = (
				42C29B5520BC6EDF006ADCF8 /* Debug */,
				42C29B5620BC6EDF006ADCF8 /* Release */,
			);
			defaultConfigurationIsVisible = 0;
			defaultConfigurationName = Release;
		};
		42C29B5720BC6EDF006ADCF8 /* Build configuration list for PBXNativeTarget "RxCurrencyUITests" */ = {
			isa = XCConfigurationList;
			buildConfigurations = (
				42C29B5820BC6EDF006ADCF8 /* Debug */,
				42C29B5920BC6EDF006ADCF8 /* Release */,
			);
			defaultConfigurationIsVisible = 0;
			defaultConfigurationName = Release;
		};
/* End XCConfigurationList section */

/* Begin XCVersionGroup section */
		4205FF1320BDA89F000D5C4D /* QuoteHistory.xcdatamodeld */ = {
			isa = XCVersionGroup;
			children = (
				4205FF1420BDA89F000D5C4D /* Model.xcdatamodel */,
			);
			currentVersion = 4205FF1420BDA89F000D5C4D /* Model.xcdatamodel */;
			path = QuoteHistory.xcdatamodeld;
			sourceTree = "<group>";
			versionGroupType = wrapper.xcdatamodel;
		};
/* End XCVersionGroup section */
	};
	rootObject = 42C29B2120BC6EDF006ADCF8 /* Project object */;
}
